
Microsoft Visual Studio Solution File, Format Version 12.00
# Visual Studio 15
VisualStudioVersion = 15.0.28307.421
MinimumVisualStudioVersion = 10.0.40219.1
Project("{FAE04EC0-301F-11D3-BF4B-00C04F79EFBC}") = "FindPairEmpWorkedAsTeamLongest", "FindPairEmpWorkedAsTeamLongest\FindPairEmpWorkedAsTeamLongest.csproj", "{36F0F0D0-78AC-44DE-910E-5D3185BFDC63}"
EndProject
Global
	GlobalSection(SolutionConfigurationPlatforms) = preSolution
		Debug|Any CPU = Debug|Any CPU
		Release|Any CPU = Release|Any CPU
	EndGlobalSection
	GlobalSection(ProjectConfigurationPlatforms) = postSolution
		{36F0F0D0-78AC-44DE-910E-5D3185BFDC63}.Debug|Any CPU.ActiveCfg = Debug|Any CPU
		{36F0F0D0-78AC-44DE-910E-5D3185BFDC63}.Debug|Any CPU.Build.0 = Debug|Any CPU
		{36F0F0D0-78AC-44DE-910E-5D3185BFDC63}.Release|Any CPU.ActiveCfg = Release|Any CPU
		{36F0F0D0-78AC-44DE-910E-5D3185BFDC63}.Release|Any CPU.Build.0 = Release|Any CPU
	EndGlobalSection
	GlobalSection(SolutionProperties) = preSolution
		HideSolutionNode = FALSE
	EndGlobalSection
	GlobalSection(ExtensibilityGlobals) = postSolution
		SolutionGuid = {8DE51875-0C62-43EF-8C0A-7E8B639F82C3}
	EndGlobalSection
EndGlobal
